
Microsoft Visual Studio Solution File, Format Version 9.00
# Visual Studio 2005
Project("{F184B08F-C81C-45F6-A57F-5ABD9991F28F}") = "ACCESSDATASOURCE", "ACCESSDATASOURCE\ACCESSDATASOURCE.vbproj", "{F8B6D1B9-117C-4CEC-BACB-96A348E7D75D}"
EndProject
Project("{F184B08F-C81C-45F6-A57F-5ABD9991F28F}") = "OBJECTDATASOURCE", "OBJECTDATASOURCE\OBJECTDATASOURCE.vbproj", "{3E5C1920-97C0-42CC-A535-955BF88CBC8B}"
EndProject
Project("{F184B08F-C81C-45F6-A57F-5ABD9991F28F}") = "BLClassLibrary", "..\GestionDeTurnos\BLClassLibrary\BLClassLibrary.vbproj", "{34E5F710-F5C2-4BE5-AB1E-FC975352B2B8}"
EndProject
Global
	GlobalSection(SolutionConfigurationPlatforms) = preSolution
		Debug|Any CPU = Debug|Any CPU
		Release|Any CPU = Release|Any CPU
	EndGlobalSection
	GlobalSection(ProjectConfigurationPlatforms) = postSolution
		{F8B6D1B9-117C-4CEC-BACB-96A348E7D75D}.Debug|Any CPU.ActiveCfg = Debug|Any CPU
		{F8B6D1B9-117C-4CEC-BACB-96A348E7D75D}.Debug|Any CPU.Build.0 = Debug|Any CPU
		{F8B6D1B9-117C-4CEC-BACB-96A348E7D75D}.Release|Any CPU.ActiveCfg = Release|Any CPU
		{F8B6D1B9-117C-4CEC-BACB-96A348E7D75D}.Release|Any CPU.Build.0 = Release|Any CPU
		{3E5C1920-97C0-42CC-A535-955BF88CBC8B}.Debug|Any CPU.ActiveCfg = Debug|Any CPU
		{3E5C1920-97C0-42CC-A535-955BF88CBC8B}.Debug|Any CPU.Build.0 = Debug|Any CPU
		{3E5C1920-97C0-42CC-A535-955BF88CBC8B}.Release|Any CPU.ActiveCfg = Release|Any CPU
		{3E5C1920-97C0-42CC-A535-955BF88CBC8B}.Release|Any CPU.Build.0 = Release|Any CPU
		{34E5F710-F5C2-4BE5-AB1E-FC975352B2B8}.Debug|Any CPU.ActiveCfg = Debug|Any CPU
		{34E5F710-F5C2-4BE5-AB1E-FC975352B2B8}.Debug|Any CPU.Build.0 = Debug|Any CPU
		{34E5F710-F5C2-4BE5-AB1E-FC975352B2B8}.Release|Any CPU.ActiveCfg = Release|Any CPU
		{34E5F710-F5C2-4BE5-AB1E-FC975352B2B8}.Release|Any CPU.Build.0 = Release|Any CPU
	EndGlobalSection
	GlobalSection(SolutionProperties) = preSolution
		HideSolutionNode = FALSE
	EndGlobalSection
EndGlobal
